
Microsoft Visual Studio Solution File, Format Version 12.00
# Visual Studio Version 17
VisualStudioVersion = 17.13.35828.75 d17.13
MinimumVisualStudioVersion = 10.0.40219.1
Project("{FAE04EC0-301F-11D3-BF4B-00C04F79EFBC}") = "Ponche-Adess", "Ponche-Adess\Ponche-Adess.csproj", "{0E33785B-94E4-4D92-B883-2118161A67ED}"
EndProject
Project("{FAE04EC0-301F-11D3-BF4B-00C04F79EFBC}") = "Ponche-Adess.Domain", "Ponche-Adess.Domain\Ponche-Adess.Domain.csproj", "{13D10B4D-8D73-4DCA-B822-3E2AB5F8171A}"
EndProject
Project("{FAE04EC0-301F-11D3-BF4B-00C04F79EFBC}") = "Ponche-Adess.Application", "Ponche-Adess.Application\Ponche-Adess.Application.csproj", "{F8D6D91A-1695-4E59-AFDA-B6A5C045096B}"
EndProject
Global
	GlobalSection(SolutionConfigurationPlatforms) = preSolution
		Debug|Any CPU = Debug|Any CPU
		Release|Any CPU = Release|Any CPU
	EndGlobalSection
	GlobalSection(ProjectConfigurationPlatforms) = postSolution
		{0E33785B-94E4-4D92-B883-2118161A67ED}.Debug|Any CPU.ActiveCfg = Debug|Any CPU
		{0E33785B-94E4-4D92-B883-2118161A67ED}.Debug|Any CPU.Build.0 = Debug|Any CPU
		{0E33785B-94E4-4D92-B883-2118161A67ED}.Release|Any CPU.ActiveCfg = Release|Any CPU
		{0E33785B-94E4-4D92-B883-2118161A67ED}.Release|Any CPU.Build.0 = Release|Any CPU
		{13D10B4D-8D73-4DCA-B822-3E2AB5F8171A}.Debug|Any CPU.ActiveCfg = Debug|Any CPU
		{13D10B4D-8D73-4DCA-B822-3E2AB5F8171A}.Debug|Any CPU.Build.0 = Debug|Any CPU
		{13D10B4D-8D73-4DCA-B822-3E2AB5F8171A}.Release|Any CPU.ActiveCfg = Release|Any CPU
		{13D10B4D-8D73-4DCA-B822-3E2AB5F8171A}.Release|Any CPU.Build.0 = Release|Any CPU
		{F8D6D91A-1695-4E59-AFDA-B6A5C045096B}.Debug|Any CPU.ActiveCfg = Debug|Any CPU
		{F8D6D91A-1695-4E59-AFDA-B6A5C045096B}.Debug|Any CPU.Build.0 = Debug|Any CPU
		{F8D6D91A-1695-4E59-AFDA-B6A5C045096B}.Release|Any CPU.ActiveCfg = Release|Any CPU
		{F8D6D91A-1695-4E59-AFDA-B6A5C045096B}.Release|Any CPU.Build.0 = Release|Any CPU
	EndGlobalSection
	GlobalSection(SolutionProperties) = preSolution
		HideSolutionNode = FALSE
	EndGlobalSection
	GlobalSection(ExtensibilityGlobals) = postSolution
		SolutionGuid = {BD8E9DFA-0676-491E-A021-A1161E3716A4}
	EndGlobalSection
EndGlobal
